// !$*UTF8*$!
{
	archiveVersion = 1;
	classes = {
	};
	objectVersion = 50;
	objects = {

/* Begin PBXBuildFile section */
		A07F54B121450AF1008B6333 /* AppDelegate.m in Sources */ = {isa = PBXBuildFile; fileRef = A07F54B021450AF1008B6333 /* AppDelegate.m */; };
		A07F54B721450AF1008B6333 /* Main.storyboard in Resources */ = {isa = PBXBuildFile; fileRef = A07F54B521450AF1008B6333 /* Main.storyboard */; };
		A07F54B921450AF3008B6333 /* Assets.xcassets in Resources */ = {isa = PBXBuildFile; fileRef = A07F54B821450AF3008B6333 /* Assets.xcassets */; };
		A07F54BC21450AF3008B6333 /* LaunchScreen.storyboard in Resources */ = {isa = PBXBuildFile; fileRef = A07F54BA21450AF3008B6333 /* LaunchScreen.storyboard */; };
		A07F54BF21450AF3008B6333 /* main.m in Sources */ = {isa = PBXBuildFile; fileRef = A07F54BE21450AF3008B6333 /* main.m */; };
		A07F54CA21450B86008B6333 /* ExamplesListViewController.m in Sources */ = {isa = PBXBuildFile; fileRef = A07F54C921450B86008B6333 /* ExamplesListViewController.m */; };
		A07F54CF21450BCE008B6333 /* UIWebViewController.m in Sources */ = {isa = PBXBuildFile; fileRef = A07F54CE21450BCE008B6333 /* UIWebViewController.m */; };
		A07F54D221450BDE008B6333 /* WKWebViewController.m in Sources */ = {isa = PBXBuildFile; fileRef = A07F54D121450BDE008B6333 /* WKWebViewController.m */; };
		A07F54D521450E56008B6333 /* source.html in Resources */ = {isa = PBXBuildFile; fileRef = A07F54D421450E56008B6333 /* source.html */; };
/* End PBXBuildFile section */

/* Begin PBXFileReference section */
		A07F54AC21450AF1008B6333 /* Examples.app */ = {isa = PBXFileReference; explicitFileType = wrapper.application; includeInIndex = 0; path = Examples.app; sourceTree = BUILT_PRODUCTS_DIR; };
		A07F54AF21450AF1008B6333 /* AppDelegate.h */ = {isa = PBXFileReference; lastKnownFileType = sourcecode.c.h; path = AppDelegate.h; sourceTree = "<group>"; };
		A07F54B021450AF1008B6333 /* AppDelegate.m */ = {isa = PBXFileReference; lastKnownFileType = sourcecode.c.objc; path = AppDelegate.m; sourceTree = "<group>"; };
		A07F54B621450AF1008B6333 /* Base */ = {isa = PBXFileReference; lastKnownFileType = file.storyboard; name = Base; path = Base.lproj/Main.storyboard; sourceTree = "<group>"; };
		A07F54B821450AF3008B6333 /* Assets.xcassets */ = {isa = PBXFileReference; lastKnownFileType = folder.assetcatalog; path = Assets.xcassets; sourceTree = "<group>"; };
		A07F54BB21450AF3008B6333 /* Base */ = {isa = PBXFileReference; lastKnownFileType = file.storyboard; name = Base; path = Base.lproj/LaunchScreen.storyboard; sourceTree = "<group>"; };
		A07F54BD21450AF3008B6333 /* Info.plist */ = {isa = PBXFileReference; lastKnownFileType = text.plist.xml; path = Info.plist; sourceTree = "<group>"; };
		A07F54BE21450AF3008B6333 /* main.m */ = {isa = PBXFileReference; lastKnownFileType = sourcecode.c.objc; path = main.m; sourceTree = "<group>"; };
		A07F54C821450B86008B6333 /* ExamplesListViewController.h */ = {isa = PBXFileReference; lastKnownFileType = sourcecode.c.h; path = ExamplesListViewController.h; sourceTree = "<group>"; };
		A07F54C921450B86008B6333 /* ExamplesListViewController.m */ = {isa = PBXFileReference; lastKnownFileType = sourcecode.c.objc; path = ExamplesListViewController.m; sourceTree = "<group>"; };
		A07F54CD21450BCE008B6333 /* UIWebViewController.h */ = {isa = PBXFileReference; lastKnownFileType = sourcecode.c.h; path = UIWebViewController.h; sourceTree = "<group>"; };
		A07F54CE21450BCE008B6333 /* UIWebViewController.m */ = {isa = PBXFileReference; lastKnownFileType = sourcecode.c.objc; path = UIWebViewController.m; sourceTree = "<group>"; };
		A07F54D021450BDE008B6333 /* WKWebViewController.h */ = {isa = PBXFileReference; lastKnownFileType = sourcecode.c.h; path = WKWebViewController.h; sourceTree = "<group>"; };
		A07F54D121450BDE008B6333 /* WKWebViewController.m */ = {isa = PBXFileReference; lastKnownFileType = sourcecode.c.objc; path = WKWebViewController.m; sourceTree = "<group>"; };
		A07F54D421450E56008B6333 /* source.html */ = {isa = PBXFileReference; fileEncoding = 4; lastKnownFileType = text.html; path = source.html; sourceTree = "<group>"; };
/* End PBXFileReference section */

/* Begin PBXFrameworksBuildPhase section */
		A07F54A921450AF1008B6333 /* Frameworks */ = {
			isa = PBXFrameworksBuildPhase;
			buildActionMask = 2147483647;
			files = (
			);
			runOnlyForDeploymentPostprocessing = 0;
		};
/* End PBXFrameworksBuildPhase section */

/* Begin PBXGroup section */
		A07F54A321450AF1008B6333 = {
			isa = PBXGroup;
			children = (
				A07F54AE21450AF1008B6333 /* Examples */,
				A07F54AD21450AF1008B6333 /* Products */,
			);
			sourceTree = "<group>";
		};
		A07F54AD21450AF1008B6333 /* Products */ = {
			isa = PBXGroup;
			children = (
				A07F54AC21450AF1008B6333 /* Examples.app */,
			);
			name = Products;
			sourceTree = "<group>";
		};
		A07F54AE21450AF1008B6333 /* Examples */ = {
			isa = PBXGroup;
			children = (
				A07F54AF21450AF1008B6333 /* AppDelegate.h */,
				A07F54B021450AF1008B6333 /* AppDelegate.m */,
				A07F54C821450B86008B6333 /* ExamplesListViewController.h */,
				A07F54C921450B86008B6333 /* ExamplesListViewController.m */,
				A07F54D321450E43008B6333 /* HTML */,
				A07F54CC21450BA7008B6333 /* WKWebView */,
				A07F54CB21450B95008B6333 /* UIWebView */,
				A07F54B521450AF1008B6333 /* Main.storyboard */,
				A07F54B821450AF3008B6333 /* Assets.xcassets */,
				A07F54BA21450AF3008B6333 /* LaunchScreen.storyboard */,
				A07F54BD21450AF3008B6333 /* Info.plist */,
				A07F54BE21450AF3008B6333 /* main.m */,
			);
			path = Examples;
			sourceTree = "<group>";
		};
		A07F54CB21450B95008B6333 /* UIWebView */ = {
			isa = PBXGroup;
			children = (
				A07F54CD21450BCE008B6333 /* UIWebViewController.h */,
				A07F54CE21450BCE008B6333 /* UIWebViewController.m */,
			);
			path = UIWebView;
			sourceTree = "<group>";
		};
		A07F54CC21450BA7008B6333 /* WKWebView */ = {
			isa = PBXGroup;
			children = (
				A07F54D021450BDE008B6333 /* WKWebViewController.h */,
				A07F54D121450BDE008B6333 /* WKWebViewController.m */,
			);
			path = WKWebView;
			sourceTree = "<group>";
		};
		A07F54D321450E43008B6333 /* HTML */ = {
			isa = PBXGroup;
			children = (
				A07F54D421450E56008B6333 /* source.html */,
			);
			path = HTML;
			sourceTree = "<group>";
		};
/* End PBXGroup section */

/* Begin PBXNativeTarget section */
		A07F54AB21450AF1008B6333 /* Examples */ = {
			isa = PBXNativeTarget;
			buildConfigurationList = A07F54C221450AF3008B6333 /* Build configuration list for PBXNativeTarget "Examples" */;
			buildPhases = (
				A07F54A821450AF1008B6333 /* Sources */,
				A07F54A921450AF1008B6333 /* Frameworks */,
				A07F54AA21450AF1008B6333 /* Resources */,
			);
			buildRules = (
			);
			dependencies = (
			);
			name = Examples;
			productName = Examples;
			productReference = A07F54AC21450AF1008B6333 /* Examples.app */;
			productType = "com.apple.product-type.application";
		};
/* End PBXNativeTarget section */

/* Begin PBXProject section */
		A07F54A421450AF1008B6333 /* Project object */ = {
			isa = PBXProject;
			attributes = {
				LastUpgradeCheck = 0940;
				ORGANIZATIONNAME = YanYi;
				TargetAttributes = {
					A07F54AB21450AF1008B6333 = {
						CreatedOnToolsVersion = 9.4.1;
					};
				};
			};
			buildConfigurationList = A07F54A721450AF1008B6333 /* Build configuration list for PBXProject "Examples" */;
			compatibilityVersion = "Xcode 9.3";
			developmentRegion = en;
			hasScannedForEncodings = 0;
			knownRegions = (
				en,
				Base,
			);
			mainGroup = A07F54A321450AF1008B6333;
			productRefGroup = A07F54AD21450AF1008B6333 /* Products */;
			projectDirPath = "";
			projectRoot = "";
			targets = (
				A07F54AB21450AF1008B6333 /* Examples */,
			);
		};
/* End PBXProject section */

/* Begin PBXResourcesBuildPhase section */
		A07F54AA21450AF1008B6333 /* Resources */ = {
			isa = PBXResourcesBuildPhase;
			buildActionMask = 2147483647;
			files = (
				A07F54BC21450AF3008B6333 /* LaunchScreen.storyboard in Resources */,
				A07F54D521450E56008B6333 /* source.html in Resources */,
				A07F54B921450AF3008B6333 /* Assets.xcassets in Resources */,
				A07F54B721450AF1008B6333 /* Main.storyboard in Resources */,
			);
			runOnlyForDeploymentPostprocessing = 0;
		};
/* End PBXResourcesBuildPhase section */

/* Begin PBXSourcesBuildPhase section */
		A07F54A821450AF1008B6333 /* Sources */ = {
			isa = PBXSourcesBuildPhase;
			buildActionMask = 2147483647;
			files = (
				A07F54D221450BDE008B6333 /* WKWebViewController.m in Sources */,
				A07F54CA21450B86008B6333 /* ExamplesListViewController.m in Sources */,
				A07F54BF21450AF3008B6333 /* main.m in Sources */,
				A07F54B121450AF1008B6333 /* AppDelegate.m in Sources */,
				A07F54CF21450BCE008B6333 /* UIWebViewController.m in Sources */,
			);
			runOnlyForDeploymentPostprocessing = 0;
		};
/* End PBXSourcesBuildPhase section */

/* Begin PBXVariantGroup section */
		A07F54B521450AF1008B6333 /* Main.storyboard */ = {
			isa = PBXVariantGroup;
			children = (
				A07F54B621450AF1008B6333 /* Base */,
			);
			name = Main.storyboard;
			sourceTree = "<group>";
		};
		A07F54BA21450AF3008B6333 /* LaunchScreen.storyboard */ = {
			isa = PBXVariantGroup;
			children = (
				A07F54BB21450AF3008B6333 /* Base */,
			);
			name = LaunchScreen.storyboard;
			sourceTree = "<group>";
		};
/* End PBXVariantGroup section */

/* Begin XCBuildConfiguration section */
		A07F54C021450AF3008B6333 /* Debug */ = {
			isa = XCBuildConfiguration;
			buildSettings = {
				ALWAYS_SEARCH_USER_PATHS = NO;
				CLANG_ANALYZER_NONNULL = YES;
				CLANG_ANALYZER_NUMBER_OBJECT_CONVERSION = YES_AGGRESSIVE;
				CLANG_CXX_LANGUAGE_STANDARD = "gnu++14";
				CLANG_CXX_LIBRARY = "libc++";
				CLANG_ENABLE_MODULES = YES;
				CLANG_ENABLE_OBJC_ARC = YES;
				CLANG_ENABLE_OBJC_WEAK = YES;
				CLANG_WARN_BLOCK_CAPTURE_AUTORELEASING = YES;
				CLANG_WARN_BOOL_CONVERSION = YES;
				CLANG_WARN_COMMA = YES;
				CLANG_WARN_CONSTANT_CONVERSION = YES;
				CLANG_WARN_DEPRECATED_OBJC_IMPLEMENTATIONS = YES;
				CLANG_WARN_DIRECT_OBJC_ISA_USAGE = YES_ERROR;
				CLANG_WARN_DOCUMENTATION_COMMENTS = YES;
				CLANG_WARN_EMPTY_BODY = YES;
				CLANG_WARN_ENUM_CONVERSION = YES;
				CLANG_WARN_INFINITE_RECURSION = YES;
				CLANG_WARN_INT_CONVERSION = YES;
				CLANG_WARN_NON_LITERAL_NULL_CONVERSION = YES;
				CLANG_WARN_OBJC_IMPLICIT_RETAIN_SELF = YES;
				CLANG_WARN_OBJC_LITERAL_CONVERSION = YES;
				CLANG_WARN_OBJC_ROOT_CLASS = YES_ERROR;
				CLANG_WARN_RANGE_LOOP_ANALYSIS = YES;
				CLANG_WARN_STRICT_PROTOTYPES = YES;
				CLANG_WARN_SUSPICIOUS_MOVE = YES;
				CLANG_WARN_UNGUARDED_AVAILABILITY = YES_AGGRESSIVE;
				CLANG_WARN_UNREACHABLE_CODE = YES;
				CLANG_WARN__DUPLICATE_METHOD_MATCH = YES;
				CODE_SIGN_IDENTITY = "iPhone Developer";
				COPY_PHASE_STRIP = NO;
				DEBUG_INFORMATION_FORMAT = dwarf;
				ENABLE_STRICT_OBJC_MSGSEND = YES;
				ENABLE_TESTABILITY = YES;
				GCC_C_LANGUAGE_STANDARD = gnu11;
				GCC_DYNAMIC_NO_PIC = NO;
				GCC_NO_COMMON_BLOCKS = YES;
				GCC_OPTIMIZATION_LEVEL = 0;
				GCC_PREPROCESSOR_DEFINITIONS = (
					"DEBUG=1",
					"$(inherited)",
				);
				GCC_WARN_64_TO_32_BIT_CONVERSION = YES;
				GCC_WARN_ABOUT_RETURN_TYPE = YES_ERROR;
				GCC_WARN_UNDECLARED_SELECTOR = YES;
				GCC_WARN_UNINITIALIZED_AUTOS = YES_AGGRESSIVE;
				GCC_WARN_UNUSED_FUNCTION = YES;
				GCC_WARN_UNUSED_VARIABLE = YES;
				IPHONEOS_DEPLOYMENT_TARGET = 11.4;
				MTL_ENABLE_DEBUG_INFO = YES;
				ONLY_ACTIVE_ARCH = YES;
				SDKROOT = iphoneos;
			};
			name = Debug;
		};
		A07F54C121450AF3008B6333 /* Release */ = {
			isa = XCBuildConfiguration;
			buildSettings = {
				ALWAYS_SEARCH_USER_PATHS = NO;
				CLANG_ANALYZER_NONNULL = YES;
				CLANG_ANALYZER_NUMBER_OBJECT_CONVERSION = YES_AGGRESSIVE;
				CLANG_CXX_LANGUAGE_STANDARD = "gnu++14";
				CLANG_CXX_LIBRARY = "libc++";
				CLANG_ENABLE_MODULES = YES;
				CLANG_ENABLE_OBJC_ARC = YES;
				CLANG_ENABLE_OBJC_WEAK = YES;
				CLANG_WARN_BLOCK_CAPTURE_AUTORELEASING = YES;
				CLANG_WARN_BOOL_CONVERSION = YES;
				CLANG_WARN_COMMA = YES;
				CLANG_WARN_CONSTANT_CONVERSION = YES;
				CLANG_WARN_DEPRECATED_OBJC_IMPLEMENTATIONS = YES;
				CLANG_WARN_DIRECT_OBJC_ISA_USAGE = YES_ERROR;
				CLANG_WARN_DOCUMENTATION_COMMENTS = YES;
				CLANG_WARN_EMPTY_BODY = YES;
				CLANG_WARN_ENUM_CONVERSION = YES;
				CLANG_WARN_INFINITE_RECURSION = YES;
				CLANG_WARN_INT_CONVERSION = YES;
				CLANG_WARN_NON_LITERAL_NULL_CONVERSION = YES;
				CLANG_WARN_OBJC_IMPLICIT_RETAIN_SELF = YES;
				CLANG_WARN_OBJC_LITERAL_CONVERSION = YES;
				CLANG_WARN_OBJC_ROOT_CLASS = YES_ERROR;
				CLANG_WARN_RANGE_LOOP_ANALYSIS = YES;
				CLANG_WARN_STRICT_PROTOTYPES = YES;
				CLANG_WARN_SUSPICIOUS_MOVE = YES;
				CLANG_WARN_UNGUARDED_AVAILABILITY = YES_AGGRESSIVE;
				CLANG_WARN_UNREACHABLE_CODE = YES;
				CLANG_WARN__DUPLICATE_METHOD_MATCH = YES;
				CODE_SIGN_IDENTITY = "iPhone Developer";
				COPY_PHASE_STRIP = NO;
				DEBUG_INFORMATION_FORMAT = "dwarf-with-dsym";
				ENABLE_NS_ASSERTIONS = NO;
				ENABLE_STRICT_OBJC_MSGSEND = YES;
				GCC_C_LANGUAGE_STANDARD = gnu11;
				GCC_NO_COMMON_BLOCKS = YES;
				GCC_WARN_64_TO_32_BIT_CONVERSION = YES;
				GCC_WARN_ABOUT_RETURN_TYPE = YES_ERROR;
				GCC_WARN_UNDECLARED_SELECTOR = YES;
				GCC_WARN_UNINITIALIZED_AUTOS = YES_AGGRESSIVE;
				GCC_WARN_UNUSED_FUNCTION = YES;
				GCC_WARN_UNUSED_VARIABLE = YES;
				IPHONEOS_DEPLOYMENT_TARGET = 11.4;
				MTL_ENABLE_DEBUG_INFO = NO;
				SDKROOT = iphoneos;
				VALIDATE_PRODUCT = YES;
			};
			name = Release;
		};
		A07F54C321450AF3008B6333 /* Debug */ = {
			isa = XCBuildConfiguration;
			buildSettings = {
				ASSETCATALOG_COMPILER_APPICON_NAME = AppIcon;
				CODE_SIGN_STYLE = Automatic;
				DEVELOPMENT_TEAM = G9NZM62PV6;
				INFOPLIST_FILE = Examples/Info.plist;
				LD_RUNPATH_SEARCH_PATHS = (
					"$(inherited)",
					"@executable_path/Frameworks",
				);
				PRODUCT_BUNDLE_IDENTIFIER = com.YanYi.Examples;
				PRODUCT_NAME = "$(TARGET_NAME)";
				TARGETED_DEVICE_FAMILY = 1;
			};
			name = Debug;
		};
		A07F54C421450AF3008B6333 /* Release */ = {
			isa = XCBuildConfiguration;
			buildSettings = {
				ASSETCATALOG_COMPILER_APPICON_NAME = AppIcon;
				CODE_SIGN_STYLE = Automatic;
				DEVELOPMENT_TEAM = G9NZM62PV6;
				INFOPLIST_FILE = Examples/Info.plist;
				LD_RUNPATH_SEARCH_PATHS = (
					"$(inherited)",
					"@executable_path/Frameworks",
				);
				PRODUCT_BUNDLE_IDENTIFIER = com.YanYi.Examples;
				PRODUCT_NAME = "$(TARGET_NAME)";
				TARGETED_DEVICE_FAMILY = 1;
			};
			name = Release;
		};
/* End XCBuildConfiguration section */

/* Begin XCConfigurationList section */
		A07F54A721450AF1008B6333 /* Build configuration list for PBXProject "Examples" */ = {
			isa = XCConfigurationList;
			buildConfigurations = (
				A07F54C021450AF3008B6333 /* Debug */,
				A07F54C121450AF3008B6333 /* Release */,
			);
			defaultConfigurationIsVisible = 0;
			defaultConfigurationName = Release;
		};
		A07F54C221450AF3008B6333 /* Build configuration list for PBXNativeTarget "Examples" */ = {
			isa = XCConfigurationList;
			buildConfigurations = (
				A07F54C321450AF3008B6333 /* Debug */,
				A07F54C421450AF3008B6333 /* Release */,
			);
			defaultConfigurationIsVisible = 0;
			defaultConfigurationName = Release;
		};
/* End XCConfigurationList section */
	};
	rootObject = A07F54A421450AF1008B6333 /* Project object */;
}
